// !$*UTF8*$!
{
	archiveVersion = 1;
	classes = {
	};
	objectVersion = 55;
	objects = {

/* Begin PBXBuildFile section */
		7435C810291F5B270084DB78 /* AppDelegate.swift in Sources */ = {isa = PBXBuildFile; fileRef = 7435C80F291F5B270084DB78 /* AppDelegate.swift */; };
		7435C812291F5B270084DB78 /* SceneDelegate.swift in Sources */ = {isa = PBXBuildFile; fileRef = 7435C811291F5B270084DB78 /* SceneDelegate.swift */; };
		7435C814291F5B270084DB78 /* ViewController.swift in Sources */ = {isa = PBXBuildFile; fileRef = 7435C813291F5B270084DB78 /* ViewController.swift */; };
		7435C817291F5B270084DB78 /* Main.storyboard in Resources */ = {isa = PBXBuildFile; fileRef = 7435C815291F5B270084DB78 /* Main.storyboard */; };
		7435C819291F5B290084DB78 /* Assets.xcassets in Resources */ = {isa = PBXBuildFile; fileRef = 7435C818291F5B290084DB78 /* Assets.xcassets */; };
		7435C81C291F5B290084DB78 /* LaunchScreen.storyboard in Resources */ = {isa = PBXBuildFile; fileRef = 7435C81A291F5B290084DB78 /* LaunchScreen.storyboard */; };
		B9A8D799291F626200E01F31 /* UserInfoFormViewController.swift in Sources */ = {isa = PBXBuildFile; fileRef = B9A8D798291F626200E01F31 /* UserInfoFormViewController.swift */; };
		B9A8D79B291F696800E01F31 /* Extensions.swift in Sources */ = {isa = PBXBuildFile; fileRef = B9A8D79A291F696800E01F31 /* Extensions.swift */; };
/* End PBXBuildFile section */

/* Begin PBXFileReference section */
		7435C80C291F5B270084DB78 /* UMass-Dieting-iOS.app */ = {isa = PBXFileReference; explicitFileType = wrapper.application; includeInIndex = 0; path = "UMass-Dieting-iOS.app"; sourceTree = BUILT_PRODUCTS_DIR; };
		7435C80F291F5B270084DB78 /* AppDelegate.swift */ = {isa = PBXFileReference; lastKnownFileType = sourcecode.swift; path = AppDelegate.swift; sourceTree = "<group>"; };
		7435C811291F5B270084DB78 /* SceneDelegate.swift */ = {isa = PBXFileReference; lastKnownFileType = sourcecode.swift; path = SceneDelegate.swift; sourceTree = "<group>"; };
		7435C813291F5B270084DB78 /* ViewController.swift */ = {isa = PBXFileReference; lastKnownFileType = sourcecode.swift; path = ViewController.swift; sourceTree = "<group>"; };
		7435C816291F5B270084DB78 /* Base */ = {isa = PBXFileReference; lastKnownFileType = file.storyboard; name = Base; path = Base.lproj/Main.storyboard; sourceTree = "<group>"; };
		7435C818291F5B290084DB78 /* Assets.xcassets */ = {isa = PBXFileReference; lastKnownFileType = folder.assetcatalog; path = Assets.xcassets; sourceTree = "<group>"; };
		7435C81B291F5B290084DB78 /* Base */ = {isa = PBXFileReference; lastKnownFileType = file.storyboard; name = Base; path = Base.lproj/LaunchScreen.storyboard; sourceTree = "<group>"; };
		7435C81D291F5B290084DB78 /* Info.plist */ = {isa = PBXFileReference; lastKnownFileType = text.plist.xml; path = Info.plist; sourceTree = "<group>"; };
		B9A8D798291F626200E01F31 /* UserInfoFormViewController.swift */ = {isa = PBXFileReference; lastKnownFileType = sourcecode.swift; path = UserInfoFormViewController.swift; sourceTree = "<group>"; };
		B9A8D79A291F696800E01F31 /* Extensions.swift */ = {isa = PBXFileReference; lastKnownFileType = sourcecode.swift; path = Extensions.swift; sourceTree = "<group>"; };
/* End PBXFileReference section */

/* Begin PBXFrameworksBuildPhase section */
		7435C809291F5B270084DB78 /* Frameworks */ = {
			isa = PBXFrameworksBuildPhase;
			buildActionMask = 2147483647;
			files = (
			);
			runOnlyForDeploymentPostprocessing = 0;
		};
/* End PBXFrameworksBuildPhase section */

/* Begin PBXGroup section */
		7435C803291F5B270084DB78 = {
			isa = PBXGroup;
			children = (
				7435C80E291F5B270084DB78 /* UMass-Dieting-iOS */,
				7435C80D291F5B270084DB78 /* Products */,
			);
			sourceTree = "<group>";
		};
		7435C80D291F5B270084DB78 /* Products */ = {
			isa = PBXGroup;
			children = (
				7435C80C291F5B270084DB78 /* UMass-Dieting-iOS.app */,
			);
			name = Products;
			sourceTree = "<group>";
		};
		7435C80E291F5B270084DB78 /* UMass-Dieting-iOS */ = {
			isa = PBXGroup;
			children = (
				B9A8D797291F5BBD00E01F31 /* Resources */,
				B9A8D796291F5BB800E01F31 /* Controllers */,
				B9A8D795291F5BB400E01F31 /* Views */,
				B9A8D794291F5BB000E01F31 /* Models */,
				7435C81D291F5B290084DB78 /* Info.plist */,
			);
			path = "UMass-Dieting-iOS";
			sourceTree = "<group>";
		};
		B9A8D794291F5BB000E01F31 /* Models */ = {
			isa = PBXGroup;
			children = (
			);
			path = Models;
			sourceTree = "<group>";
		};
		B9A8D795291F5BB400E01F31 /* Views */ = {
			isa = PBXGroup;
			children = (
				7435C815291F5B270084DB78 /* Main.storyboard */,
				7435C81A291F5B290084DB78 /* LaunchScreen.storyboard */,
				7435C818291F5B290084DB78 /* Assets.xcassets */,
			);
			path = Views;
			sourceTree = "<group>";
		};
		B9A8D796291F5BB800E01F31 /* Controllers */ = {
			isa = PBXGroup;
			children = (
				7435C813291F5B270084DB78 /* ViewController.swift */,
				B9A8D798291F626200E01F31 /* UserInfoFormViewController.swift */,
			);
			path = Controllers;
			sourceTree = "<group>";
		};
		B9A8D797291F5BBD00E01F31 /* Resources */ = {
			isa = PBXGroup;
			children = (
				7435C80F291F5B270084DB78 /* AppDelegate.swift */,
				7435C811291F5B270084DB78 /* SceneDelegate.swift */,
				B9A8D79A291F696800E01F31 /* Extensions.swift */,
			);
			path = Resources;
			sourceTree = "<group>";
		};
/* End PBXGroup section */

/* Begin PBXNativeTarget section */
		7435C80B291F5B270084DB78 /* UMass-Dieting-iOS */ = {
			isa = PBXNativeTarget;
			buildConfigurationList = 7435C820291F5B290084DB78 /* Build configuration list for PBXNativeTarget "UMass-Dieting-iOS" */;
			buildPhases = (
				7435C808291F5B270084DB78 /* Sources */,
				7435C809291F5B270084DB78 /* Frameworks */,
				7435C80A291F5B270084DB78 /* Resources */,
			);
			buildRules = (
			);
			dependencies = (
			);
			name = "UMass-Dieting-iOS";
			productName = "UMass-Dieting-iOS";
			productReference = 7435C80C291F5B270084DB78 /* UMass-Dieting-iOS.app */;
			productType = "com.apple.product-type.application";
		};
/* End PBXNativeTarget section */

/* Begin PBXProject section */
		7435C804291F5B270084DB78 /* Project object */ = {
			isa = PBXProject;
			attributes = {
				BuildIndependentTargetsInParallel = 1;
				LastSwiftUpdateCheck = 1340;
				LastUpgradeCheck = 1340;
				TargetAttributes = {
					7435C80B291F5B270084DB78 = {
						CreatedOnToolsVersion = 13.4.1;
					};
				};
			};
			buildConfigurationList = 7435C807291F5B270084DB78 /* Build configuration list for PBXProject "UMass-Dieting-iOS" */;
			compatibilityVersion = "Xcode 13.0";
			developmentRegion = en;
			hasScannedForEncodings = 0;
			knownRegions = (
				en,
				Base,
			);
			mainGroup = 7435C803291F5B270084DB78;
			productRefGroup = 7435C80D291F5B270084DB78 /* Products */;
			projectDirPath = "";
			projectRoot = "";
			targets = (
				7435C80B291F5B270084DB78 /* UMass-Dieting-iOS */,
			);
		};
/* End PBXProject section */

/* Begin PBXResourcesBuildPhase section */
		7435C80A291F5B270084DB78 /* Resources */ = {
			isa = PBXResourcesBuildPhase;
			buildActionMask = 2147483647;
			files = (
				7435C81C291F5B290084DB78 /* LaunchScreen.storyboard in Resources */,
				7435C819291F5B290084DB78 /* Assets.xcassets in Resources */,
				7435C817291F5B270084DB78 /* Main.storyboard in Resources */,
			);
			runOnlyForDeploymentPostprocessing = 0;
		};
/* End PBXResourcesBuildPhase section */

/* Begin PBXSourcesBuildPhase section */
		7435C808291F5B270084DB78 /* Sources */ = {
			isa = PBXSourcesBuildPhase;
			buildActionMask = 2147483647;
			files = (
				B9A8D79B291F696800E01F31 /* Extensions.swift in Sources */,
				7435C814291F5B270084DB78 /* ViewController.swift in Sources */,
				7435C810291F5B270084DB78 /* AppDelegate.swift in Sources */,
				B9A8D799291F626200E01F31 /* UserInfoFormViewController.swift in Sources */,
				7435C812291F5B270084DB78 /* SceneDelegate.swift in Sources */,
			);
			runOnlyForDeploymentPostprocessing = 0;
		};
/* End PBXSourcesBuildPhase section */

/* Begin PBXVariantGroup section */
		7435C815291F5B270084DB78 /* Main.storyboard */ = {
			isa = PBXVariantGroup;
			children = (
				7435C816291F5B270084DB78 /* Base */,
			);
			name = Main.storyboard;
			sourceTree = "<group>";
		};
		7435C81A291F5B290084DB78 /* LaunchScreen.storyboard */ = {
			isa = PBXVariantGroup;
			children = (
				7435C81B291F5B290084DB78 /* Base */,
			);
			name = LaunchScreen.storyboard;
			sourceTree = "<group>";
		};
/* End PBXVariantGroup section */

/* Begin XCBuildConfiguration section */
		7435C81E291F5B290084DB78 /* Debug */ = {
			isa = XCBuildConfiguration;
			buildSettings = {
				ALWAYS_SEARCH_USER_PATHS = NO;
				CLANG_ANALYZER_NONNULL = YES;
				CLANG_ANALYZER_NUMBER_OBJECT_CONVERSION = YES_AGGRESSIVE;
				CLANG_CXX_LANGUAGE_STANDARD = "gnu++17";
				CLANG_ENABLE_MODULES = YES;
				CLANG_ENABLE_OBJC_ARC = YES;
				CLANG_ENABLE_OBJC_WEAK = YES;
				CLANG_WARN_BLOCK_CAPTURE_AUTORELEASING = YES;
				CLANG_WARN_BOOL_CONVERSION = YES;
				CLANG_WARN_COMMA = YES;
				CLANG_WARN_CONSTANT_CONVERSION = YES;
				CLANG_WARN_DEPRECATED_OBJC_IMPLEMENTATIONS = YES;
				CLANG_WARN_DIRECT_OBJC_ISA_USAGE = YES_ERROR;
				CLANG_WARN_DOCUMENTATION_COMMENTS = YES;
				CLANG_WARN_EMPTY_BODY = YES;
				CLANG_WARN_ENUM_CONVERSION = YES;
				CLANG_WARN_INFINITE_RECURSION = YES;
				CLANG_WARN_INT_CONVERSION = YES;
				CLANG_WARN_NON_LITERAL_NULL_CONVERSION = YES;
				CLANG_WARN_OBJC_IMPLICIT_RETAIN_SELF = YES;
				CLANG_WARN_OBJC_LITERAL_CONVERSION = YES;
				CLANG_WARN_OBJC_ROOT_CLASS = YES_ERROR;
				CLANG_WARN_QUOTED_INCLUDE_IN_FRAMEWORK_HEADER = YES;
				CLANG_WARN_RANGE_LOOP_ANALYSIS = YES;
				CLANG_WARN_STRICT_PROTOTYPES = YES;
				CLANG_WARN_SUSPICIOUS_MOVE = YES;
				CLANG_WARN_UNGUARDED_AVAILABILITY = YES_AGGRESSIVE;
				CLANG_WARN_UNREACHABLE_CODE = YES;
				CLANG_WARN__DUPLICATE_METHOD_MATCH = YES;
				COPY_PHASE_STRIP = NO;
				DEBUG_INFORMATION_FORMAT = dwarf;
				ENABLE_STRICT_OBJC_MSGSEND = YES;
				ENABLE_TESTABILITY = YES;
				GCC_C_LANGUAGE_STANDARD = gnu11;
				GCC_DYNAMIC_NO_PIC = NO;
				GCC_NO_COMMON_BLOCKS = YES;
				GCC_OPTIMIZATION_LEVEL = 0;
				GCC_PREPROCESSOR_DEFINITIONS = (
					"DEBUG=1",
					"$(inherited)",
				);
				GCC_WARN_64_TO_32_BIT_CONVERSION = YES;
				GCC_WARN_ABOUT_RETURN_TYPE = YES_ERROR;
				GCC_WARN_UNDECLARED_SELECTOR = YES;
				GCC_WARN_UNINITIALIZED_AUTOS = YES_AGGRESSIVE;
				GCC_WARN_UNUSED_FUNCTION = YES;
				GCC_WARN_UNUSED_VARIABLE = YES;
				IPHONEOS_DEPLOYMENT_TARGET = 15.5;
				MTL_ENABLE_DEBUG_INFO = INCLUDE_SOURCE;
				MTL_FAST_MATH = YES;
				ONLY_ACTIVE_ARCH = YES;
				SDKROOT = iphoneos;
				SWIFT_ACTIVE_COMPILATION_CONDITIONS = DEBUG;
				SWIFT_OPTIMIZATION_LEVEL = "-Onone";
			};
			name = Debug;
		};
		7435C81F291F5B290084DB78 /* Release */ = {
			isa = XCBuildConfiguration;
			buildSettings = {
				ALWAYS_SEARCH_USER_PATHS = NO;
				CLANG_ANALYZER_NONNULL = YES;
				CLANG_ANALYZER_NUMBER_OBJECT_CONVERSION = YES_AGGRESSIVE;
				CLANG_CXX_LANGUAGE_STANDARD = "gnu++17";
				CLANG_ENABLE_MODULES = YES;
				CLANG_ENABLE_OBJC_ARC = YES;
				CLANG_ENABLE_OBJC_WEAK = YES;
				CLANG_WARN_BLOCK_CAPTURE_AUTORELEASING = YES;
				CLANG_WARN_BOOL_CONVERSION = YES;
				CLANG_WARN_COMMA = YES;
				CLANG_WARN_CONSTANT_CONVERSION = YES;
				CLANG_WARN_DEPRECATED_OBJC_IMPLEMENTATIONS = YES;
				CLANG_WARN_DIRECT_OBJC_ISA_USAGE = YES_ERROR;
				CLANG_WARN_DOCUMENTATION_COMMENTS = YES;
				CLANG_WARN_EMPTY_BODY = YES;
				CLANG_WARN_ENUM_CONVERSION = YES;
				CLANG_WARN_INFINITE_RECURSION = YES;
				CLANG_WARN_INT_CONVERSION = YES;
				CLANG_WARN_NON_LITERAL_NULL_CONVERSION = YES;
				CLANG_WARN_OBJC_IMPLICIT_RETAIN_SELF = YES;
				CLANG_WARN_OBJC_LITERAL_CONVERSION = YES;
				CLANG_WARN_OBJC_ROOT_CLASS = YES_ERROR;
				CLANG_WARN_QUOTED_INCLUDE_IN_FRAMEWORK_HEADER = YES;
				CLANG_WARN_RANGE_LOOP_ANALYSIS = YES;
				CLANG_WARN_STRICT_PROTOTYPES = YES;
				CLANG_WARN_SUSPICIOUS_MOVE = YES;
				CLANG_WARN_UNGUARDED_AVAILABILITY = YES_AGGRESSIVE;
				CLANG_WARN_UNREACHABLE_CODE = YES;
				CLANG_WARN__DUPLICATE_METHOD_MATCH = YES;
				COPY_PHASE_STRIP = NO;
				DEBUG_INFORMATION_FORMAT = "dwarf-with-dsym";
				ENABLE_NS_ASSERTIONS = NO;
				ENABLE_STRICT_OBJC_MSGSEND = YES;
				GCC_C_LANGUAGE_STANDARD = gnu11;
				GCC_NO_COMMON_BLOCKS = YES;
				GCC_WARN_64_TO_32_BIT_CONVERSION = YES;
				GCC_WARN_ABOUT_RETURN_TYPE = YES_ERROR;
				GCC_WARN_UNDECLARED_SELECTOR = YES;
				GCC_WARN_UNINITIALIZED_AUTOS = YES_AGGRESSIVE;
				GCC_WARN_UNUSED_FUNCTION = YES;
				GCC_WARN_UNUSED_VARIABLE = YES;
				IPHONEOS_DEPLOYMENT_TARGET = 15.5;
				MTL_ENABLE_DEBUG_INFO = NO;
				MTL_FAST_MATH = YES;
				SDKROOT = iphoneos;
				SWIFT_COMPILATION_MODE = wholemodule;
				SWIFT_OPTIMIZATION_LEVEL = "-O";
				VALIDATE_PRODUCT = YES;
			};
			name = Release;
		};
		7435C821291F5B290084DB78 /* Debug */ = {
			isa = XCBuildConfiguration;
			buildSettings = {
				ASSETCATALOG_COMPILER_APPICON_NAME = AppIcon;
				ASSETCATALOG_COMPILER_GLOBAL_ACCENT_COLOR_NAME = AccentColor;
				CODE_SIGN_STYLE = Automatic;
				CURRENT_PROJECT_VERSION = 1;
				DEVELOPMENT_TEAM = VJUSE27PV3;
				GENERATE_INFOPLIST_FILE = YES;
				INFOPLIST_FILE = "UMass-Dieting-iOS/Info.plist";
				INFOPLIST_KEY_UIApplicationSupportsIndirectInputEvents = YES;
				INFOPLIST_KEY_UILaunchStoryboardName = LaunchScreen;
				INFOPLIST_KEY_UIMainStoryboardFile = Main;
				INFOPLIST_KEY_UISupportedInterfaceOrientations_iPad = "UIInterfaceOrientationPortrait UIInterfaceOrientationPortraitUpsideDown UIInterfaceOrientationLandscapeLeft UIInterfaceOrientationLandscapeRight";
				INFOPLIST_KEY_UISupportedInterfaceOrientations_iPhone = "UIInterfaceOrientationPortrait UIInterfaceOrientationLandscapeLeft UIInterfaceOrientationLandscapeRight";
				LD_RUNPATH_SEARCH_PATHS = (
					"$(inherited)",
					"@executable_path/Frameworks",
				);
				MARKETING_VERSION = 1.0;
				PRODUCT_BUNDLE_IDENTIFIER = "com.Aayush-Bhagat.UMass-Dieting-iOS";
				PRODUCT_NAME = "$(TARGET_NAME)";
				SWIFT_EMIT_LOC_STRINGS = YES;
				SWIFT_VERSION = 5.0;
				TARGETED_DEVICE_FAMILY = "1,2";
			};
			name = Debug;
		};
		7435C822291F5B290084DB78 /* Release */ = {
			isa = XCBuildConfiguration;
			buildSettings = {
				ASSETCATALOG_COMPILER_APPICON_NAME = AppIcon;
				ASSETCATALOG_COMPILER_GLOBAL_ACCENT_COLOR_NAME = AccentColor;
				CODE_SIGN_STYLE = Automatic;
				CURRENT_PROJECT_VERSION = 1;
				DEVELOPMENT_TEAM = VJUSE27PV3;
				GENERATE_INFOPLIST_FILE = YES;
				INFOPLIST_FILE = "UMass-Dieting-iOS/Info.plist";
				INFOPLIST_KEY_UIApplicationSupportsIndirectInputEvents = YES;
				INFOPLIST_KEY_UILaunchStoryboardName = LaunchScreen;
				INFOPLIST_KEY_UIMainStoryboardFile = Main;
				INFOPLIST_KEY_UISupportedInterfaceOrientations_iPad = "UIInterfaceOrientationPortrait UIInterfaceOrientationPortraitUpsideDown UIInterfaceOrientationLandscapeLeft UIInterfaceOrientationLandscapeRight";
				INFOPLIST_KEY_UISupportedInterfaceOrientations_iPhone = "UIInterfaceOrientationPortrait UIInterfaceOrientationLandscapeLeft UIInterfaceOrientationLandscapeRight";
				LD_RUNPATH_SEARCH_PATHS = (
					"$(inherited)",
					"@executable_path/Frameworks",
				);
				MARKETING_VERSION = 1.0;
				PRODUCT_BUNDLE_IDENTIFIER = "com.Aayush-Bhagat.UMass-Dieting-iOS";
				PRODUCT_NAME = "$(TARGET_NAME)";
				SWIFT_EMIT_LOC_STRINGS = YES;
				SWIFT_VERSION = 5.0;
				TARGETED_DEVICE_FAMILY = "1,2";
			};
			name = Release;
		};
/* End XCBuildConfiguration section */

/* Begin XCConfigurationList section */
		7435C807291F5B270084DB78 /* Build configuration list for PBXProject "UMass-Dieting-iOS" */ = {
			isa = XCConfigurationList;
			buildConfigurations = (
				7435C81E291F5B290084DB78 /* Debug */,
				7435C81F291F5B290084DB78 /* Release */,
			);
			defaultConfigurationIsVisible = 0;
			defaultConfigurationName = Release;
		};
		7435C820291F5B290084DB78 /* Build configuration list for PBXNativeTarget "UMass-Dieting-iOS" */ = {
			isa = XCConfigurationList;
			buildConfigurations = (
				7435C821291F5B290084DB78 /* Debug */,
				7435C822291F5B290084DB78 /* Release */,
			);
			defaultConfigurationIsVisible = 0;
			defaultConfigurationName = Release;
		};
/* End XCConfigurationList section */
	};
	rootObject = 7435C804291F5B270084DB78 /* Project object */;
}
