// !$*UTF8*$!
{
	archiveVersion = 1;
	classes = {
	};
	objectVersion = 55;
	objects = {

/* Begin PBXBuildFile section */
		66FC088D0546647CF8A1B6FD /* Pods_UMass_Dieting_iOS.framework in Frameworks */ = {isa = PBXBuildFile; fileRef = CADADE91AAFF913CD86C93C0 /* Pods_UMass_Dieting_iOS.framework */; };
		7435C810291F5B270084DB78 /* AppDelegate.swift in Sources */ = {isa = PBXBuildFile; fileRef = 7435C80F291F5B270084DB78 /* AppDelegate.swift */; };
		7435C812291F5B270084DB78 /* SceneDelegate.swift in Sources */ = {isa = PBXBuildFile; fileRef = 7435C811291F5B270084DB78 /* SceneDelegate.swift */; };
		7435C814291F5B270084DB78 /* ViewController.swift in Sources */ = {isa = PBXBuildFile; fileRef = 7435C813291F5B270084DB78 /* ViewController.swift */; };
		7435C817291F5B270084DB78 /* Main.storyboard in Resources */ = {isa = PBXBuildFile; fileRef = 7435C815291F5B270084DB78 /* Main.storyboard */; };
		7435C819291F5B290084DB78 /* Assets.xcassets in Resources */ = {isa = PBXBuildFile; fileRef = 7435C818291F5B290084DB78 /* Assets.xcassets */; };
		7435C81C291F5B290084DB78 /* LaunchScreen.storyboard in Resources */ = {isa = PBXBuildFile; fileRef = 7435C81A291F5B290084DB78 /* LaunchScreen.storyboard */; };
		74A23551291F9B8700DDBAA6 /* .gitignore in Resources */ = {isa = PBXBuildFile; fileRef = 74A23550291F9B8700DDBAA6 /* .gitignore */; };
		74A23553292049DF00DDBAA6 /* Constants.swift in Sources */ = {isa = PBXBuildFile; fileRef = 74A23552292049DF00DDBAA6 /* Constants.swift */; };
		74A2355629204BCC00DDBAA6 /* Sessions.swift in Sources */ = {isa = PBXBuildFile; fileRef = 74A2355529204BCC00DDBAA6 /* Sessions.swift */; };
		74A235582920AAE000DDBAA6 /* UserPreferencesViewController.swift in Sources */ = {isa = PBXBuildFile; fileRef = 74A235572920AAE000DDBAA6 /* UserPreferencesViewController.swift */; };
		74A2355A2920C50200DDBAA6 /* IntialViewController.swift in Sources */ = {isa = PBXBuildFile; fileRef = 74A235592920C50200DDBAA6 /* IntialViewController.swift */; };
		74D267B4291F7B4C000644DE /* LoginViewController.swift in Sources */ = {isa = PBXBuildFile; fileRef = 74D267B3291F7B4C000644DE /* LoginViewController.swift */; };
		74D267B6291F7B58000644DE /* SignUpViewController.swift in Sources */ = {isa = PBXBuildFile; fileRef = 74D267B5291F7B58000644DE /* SignUpViewController.swift */; };
		B94792A8291F9DC600C32FE5 /* Main1.storyboard in Resources */ = {isa = PBXBuildFile; fileRef = B94792A7291F9DC600C32FE5 /* Main1.storyboard */; };
		B94792AA291FA0BC00C32FE5 /* MealPlanViewController.swift in Sources */ = {isa = PBXBuildFile; fileRef = B94792A9291FA0BC00C32FE5 /* MealPlanViewController.swift */; };
		B94792AC291FA57300C32FE5 /* Food.swift in Sources */ = {isa = PBXBuildFile; fileRef = B94792AB291FA57300C32FE5 /* Food.swift */; };
		B94792AE291FA5DB00C32FE5 /* MealPlan.swift in Sources */ = {isa = PBXBuildFile; fileRef = B94792AD291FA5DB00C32FE5 /* MealPlan.swift */; };
		B94792B2291FB51500C32FE5 /* FoodTableViewCell.swift in Sources */ = {isa = PBXBuildFile; fileRef = B94792B1291FB51500C32FE5 /* FoodTableViewCell.swift */; };
		B94792B42920386A00C32FE5 /* K.swift in Sources */ = {isa = PBXBuildFile; fileRef = B94792B32920386A00C32FE5 /* K.swift */; };
		B94792BC2920489000C32FE5 /* FoodViewController.swift in Sources */ = {isa = PBXBuildFile; fileRef = B94792BB2920489000C32FE5 /* FoodViewController.swift */; };
		B94792BE2920806300C32FE5 /* DietaryRestrictionViewController.swift in Sources */ = {isa = PBXBuildFile; fileRef = B94792BD2920806300C32FE5 /* DietaryRestrictionViewController.swift */; };
		B9A8D799291F626200E01F31 /* UserInfoFormViewController.swift in Sources */ = {isa = PBXBuildFile; fileRef = B9A8D798291F626200E01F31 /* UserInfoFormViewController.swift */; };
		B9A8D79B291F696800E01F31 /* Extensions.swift in Sources */ = {isa = PBXBuildFile; fileRef = B9A8D79A291F696800E01F31 /* Extensions.swift */; };
		B9A8D7A5291F7ACD00E01F31 /* DiningHallListViewController.swift in Sources */ = {isa = PBXBuildFile; fileRef = B9A8D7A4291F7ACD00E01F31 /* DiningHallListViewController.swift */; };
		B9A8D7A7291F7C6D00E01F31 /* State.swift in Sources */ = {isa = PBXBuildFile; fileRef = B9A8D7A6291F7C6D00E01F31 /* State.swift */; };
		B9A8D7A9291F7C8A00E01F31 /* DiningHall.swift in Sources */ = {isa = PBXBuildFile; fileRef = B9A8D7A8291F7C8A00E01F31 /* DiningHall.swift */; };
		B9A8D7AB291F89BB00E01F31 /* DiningHallTableViewCell.swift in Sources */ = {isa = PBXBuildFile; fileRef = B9A8D7AA291F89BB00E01F31 /* DiningHallTableViewCell.swift */; };
/* End PBXBuildFile section */

/* Begin PBXFileReference section */
		33BEDE3D00E1257C7354D5A0 /* Pods-UMass-Dieting-iOS.debug.xcconfig */ = {isa = PBXFileReference; includeInIndex = 1; lastKnownFileType = text.xcconfig; name = "Pods-UMass-Dieting-iOS.debug.xcconfig"; path = "Target Support Files/Pods-UMass-Dieting-iOS/Pods-UMass-Dieting-iOS.debug.xcconfig"; sourceTree = "<group>"; };
		48EAC40109852F3E44BE51C1 /* Pods-UMass-Dieting-iOS.release.xcconfig */ = {isa = PBXFileReference; includeInIndex = 1; lastKnownFileType = text.xcconfig; name = "Pods-UMass-Dieting-iOS.release.xcconfig"; path = "Target Support Files/Pods-UMass-Dieting-iOS/Pods-UMass-Dieting-iOS.release.xcconfig"; sourceTree = "<group>"; };
		7435C80C291F5B270084DB78 /* UMass-Dieting-iOS.app */ = {isa = PBXFileReference; explicitFileType = wrapper.application; includeInIndex = 0; path = "UMass-Dieting-iOS.app"; sourceTree = BUILT_PRODUCTS_DIR; };
		7435C80F291F5B270084DB78 /* AppDelegate.swift */ = {isa = PBXFileReference; lastKnownFileType = sourcecode.swift; path = AppDelegate.swift; sourceTree = "<group>"; };
		7435C811291F5B270084DB78 /* SceneDelegate.swift */ = {isa = PBXFileReference; lastKnownFileType = sourcecode.swift; path = SceneDelegate.swift; sourceTree = "<group>"; };
		7435C813291F5B270084DB78 /* ViewController.swift */ = {isa = PBXFileReference; lastKnownFileType = sourcecode.swift; path = ViewController.swift; sourceTree = "<group>"; };
		7435C816291F5B270084DB78 /* Base */ = {isa = PBXFileReference; lastKnownFileType = file.storyboard; name = Base; path = Base.lproj/Main.storyboard; sourceTree = "<group>"; };
		7435C818291F5B290084DB78 /* Assets.xcassets */ = {isa = PBXFileReference; lastKnownFileType = folder.assetcatalog; path = Assets.xcassets; sourceTree = "<group>"; };
		7435C81B291F5B290084DB78 /* Base */ = {isa = PBXFileReference; lastKnownFileType = file.storyboard; name = Base; path = Base.lproj/LaunchScreen.storyboard; sourceTree = "<group>"; };
		7435C81D291F5B290084DB78 /* Info.plist */ = {isa = PBXFileReference; lastKnownFileType = text.plist.xml; path = Info.plist; sourceTree = "<group>"; };
		74A23550291F9B8700DDBAA6 /* .gitignore */ = {isa = PBXFileReference; lastKnownFileType = text; path = .gitignore; sourceTree = "<group>"; };
		74A23552292049DF00DDBAA6 /* Constants.swift */ = {isa = PBXFileReference; lastKnownFileType = sourcecode.swift; path = Constants.swift; sourceTree = "<group>"; };
		74A2355529204BCC00DDBAA6 /* Sessions.swift */ = {isa = PBXFileReference; lastKnownFileType = sourcecode.swift; path = Sessions.swift; sourceTree = "<group>"; };
		74A235572920AAE000DDBAA6 /* UserPreferencesViewController.swift */ = {isa = PBXFileReference; lastKnownFileType = sourcecode.swift; path = UserPreferencesViewController.swift; sourceTree = "<group>"; };
		74A235592920C50200DDBAA6 /* IntialViewController.swift */ = {isa = PBXFileReference; lastKnownFileType = sourcecode.swift; path = IntialViewController.swift; sourceTree = "<group>"; };
		74D267B3291F7B4C000644DE /* LoginViewController.swift */ = {isa = PBXFileReference; lastKnownFileType = sourcecode.swift; path = LoginViewController.swift; sourceTree = "<group>"; };
		74D267B5291F7B58000644DE /* SignUpViewController.swift */ = {isa = PBXFileReference; lastKnownFileType = sourcecode.swift; path = SignUpViewController.swift; sourceTree = "<group>"; };
		B94792A7291F9DC600C32FE5 /* Main1.storyboard */ = {isa = PBXFileReference; lastKnownFileType = file.storyboard; path = Main1.storyboard; sourceTree = "<group>"; };
		B94792A9291FA0BC00C32FE5 /* MealPlanViewController.swift */ = {isa = PBXFileReference; lastKnownFileType = sourcecode.swift; path = MealPlanViewController.swift; sourceTree = "<group>"; };
		B94792AB291FA57300C32FE5 /* Food.swift */ = {isa = PBXFileReference; lastKnownFileType = sourcecode.swift; path = Food.swift; sourceTree = "<group>"; };
		B94792AD291FA5DB00C32FE5 /* MealPlan.swift */ = {isa = PBXFileReference; lastKnownFileType = sourcecode.swift; path = MealPlan.swift; sourceTree = "<group>"; };
		B94792B1291FB51500C32FE5 /* FoodTableViewCell.swift */ = {isa = PBXFileReference; lastKnownFileType = sourcecode.swift; path = FoodTableViewCell.swift; sourceTree = "<group>"; };
		B94792B32920386A00C32FE5 /* K.swift */ = {isa = PBXFileReference; lastKnownFileType = sourcecode.swift; path = K.swift; sourceTree = "<group>"; };
		B94792BB2920489000C32FE5 /* FoodViewController.swift */ = {isa = PBXFileReference; lastKnownFileType = sourcecode.swift; path = FoodViewController.swift; sourceTree = "<group>"; };
		B94792BD2920806300C32FE5 /* DietaryRestrictionViewController.swift */ = {isa = PBXFileReference; lastKnownFileType = sourcecode.swift; path = DietaryRestrictionViewController.swift; sourceTree = "<group>"; };
		B9A8D798291F626200E01F31 /* UserInfoFormViewController.swift */ = {isa = PBXFileReference; lastKnownFileType = sourcecode.swift; path = UserInfoFormViewController.swift; sourceTree = "<group>"; };
		B9A8D79A291F696800E01F31 /* Extensions.swift */ = {isa = PBXFileReference; lastKnownFileType = sourcecode.swift; path = Extensions.swift; sourceTree = "<group>"; };
		B9A8D7A4291F7ACD00E01F31 /* DiningHallListViewController.swift */ = {isa = PBXFileReference; lastKnownFileType = sourcecode.swift; path = DiningHallListViewController.swift; sourceTree = "<group>"; };
		B9A8D7A6291F7C6D00E01F31 /* State.swift */ = {isa = PBXFileReference; lastKnownFileType = sourcecode.swift; path = State.swift; sourceTree = "<group>"; };
		B9A8D7A8291F7C8A00E01F31 /* DiningHall.swift */ = {isa = PBXFileReference; lastKnownFileType = sourcecode.swift; path = DiningHall.swift; sourceTree = "<group>"; };
		B9A8D7AA291F89BB00E01F31 /* DiningHallTableViewCell.swift */ = {isa = PBXFileReference; lastKnownFileType = sourcecode.swift; path = DiningHallTableViewCell.swift; sourceTree = "<group>"; };
		CADADE91AAFF913CD86C93C0 /* Pods_UMass_Dieting_iOS.framework */ = {isa = PBXFileReference; explicitFileType = wrapper.framework; includeInIndex = 0; path = Pods_UMass_Dieting_iOS.framework; sourceTree = BUILT_PRODUCTS_DIR; };
/* End PBXFileReference section */

/* Begin PBXFrameworksBuildPhase section */
		7435C809291F5B270084DB78 /* Frameworks */ = {
			isa = PBXFrameworksBuildPhase;
			buildActionMask = 2147483647;
			files = (
				66FC088D0546647CF8A1B6FD /* Pods_UMass_Dieting_iOS.framework in Frameworks */,
			);
			runOnlyForDeploymentPostprocessing = 0;
		};
/* End PBXFrameworksBuildPhase section */

/* Begin PBXGroup section */
		01EDA3DFA3A7B1D24E473FE2 /* Pods */ = {
			isa = PBXGroup;
			children = (
				33BEDE3D00E1257C7354D5A0 /* Pods-UMass-Dieting-iOS.debug.xcconfig */,
				48EAC40109852F3E44BE51C1 /* Pods-UMass-Dieting-iOS.release.xcconfig */,
			);
			path = Pods;
			sourceTree = "<group>";
		};
		7435C803291F5B270084DB78 = {
			isa = PBXGroup;
			children = (
				74A23550291F9B8700DDBAA6 /* .gitignore */,
				7435C80E291F5B270084DB78 /* UMass-Dieting-iOS */,
				7435C80D291F5B270084DB78 /* Products */,
				01EDA3DFA3A7B1D24E473FE2 /* Pods */,
				996A54CD38CAB0F59ECF09F8 /* Frameworks */,
			);
			sourceTree = "<group>";
		};
		7435C80D291F5B270084DB78 /* Products */ = {
			isa = PBXGroup;
			children = (
				7435C80C291F5B270084DB78 /* UMass-Dieting-iOS.app */,
			);
			name = Products;
			sourceTree = "<group>";
		};
		7435C80E291F5B270084DB78 /* UMass-Dieting-iOS */ = {
			isa = PBXGroup;
			children = (
				B9A8D797291F5BBD00E01F31 /* Resources */,
				B9A8D796291F5BB800E01F31 /* Controllers */,
				B9A8D795291F5BB400E01F31 /* Views */,
				B9A8D794291F5BB000E01F31 /* Models */,
				7435C81D291F5B290084DB78 /* Info.plist */,
			);
			path = "UMass-Dieting-iOS";
			sourceTree = "<group>";
		};
		74A2355429204BAF00DDBAA6 /* URLSessions */ = {
			isa = PBXGroup;
			children = (
				74A2355529204BCC00DDBAA6 /* Sessions.swift */,
			);
			path = URLSessions;
			sourceTree = "<group>";
		};
		996A54CD38CAB0F59ECF09F8 /* Frameworks */ = {
			isa = PBXGroup;
			children = (
				CADADE91AAFF913CD86C93C0 /* Pods_UMass_Dieting_iOS.framework */,
			);
			name = Frameworks;
			sourceTree = "<group>";
		};
		B9A8D794291F5BB000E01F31 /* Models */ = {
			isa = PBXGroup;
			children = (
				B9A8D7A8291F7C8A00E01F31 /* DiningHall.swift */,
				B94792AB291FA57300C32FE5 /* Food.swift */,
				B94792AD291FA5DB00C32FE5 /* MealPlan.swift */,
			);
			path = Models;
			sourceTree = "<group>";
		};
		B9A8D795291F5BB400E01F31 /* Views */ = {
			isa = PBXGroup;
			children = (
				7435C815291F5B270084DB78 /* Main.storyboard */,
				7435C81A291F5B290084DB78 /* LaunchScreen.storyboard */,
				7435C818291F5B290084DB78 /* Assets.xcassets */,
				B9A8D7AA291F89BB00E01F31 /* DiningHallTableViewCell.swift */,
				B94792A7291F9DC600C32FE5 /* Main1.storyboard */,
				B94792B1291FB51500C32FE5 /* FoodTableViewCell.swift */,
			);
			path = Views;
			sourceTree = "<group>";
		};
		B9A8D796291F5BB800E01F31 /* Controllers */ = {
			isa = PBXGroup;
			children = (
				74A2355429204BAF00DDBAA6 /* URLSessions */,
				7435C813291F5B270084DB78 /* ViewController.swift */,
				B9A8D798291F626200E01F31 /* UserInfoFormViewController.swift */,
				74D267B3291F7B4C000644DE /* LoginViewController.swift */,
				74D267B5291F7B58000644DE /* SignUpViewController.swift */,
				B9A8D7A4291F7ACD00E01F31 /* DiningHallListViewController.swift */,
				B94792A9291FA0BC00C32FE5 /* MealPlanViewController.swift */,
				B94792BB2920489000C32FE5 /* FoodViewController.swift */,
				B94792BD2920806300C32FE5 /* DietaryRestrictionViewController.swift */,
				74A235572920AAE000DDBAA6 /* UserPreferencesViewController.swift */,
				74A235592920C50200DDBAA6 /* IntialViewController.swift */,
			);
			path = Controllers;
			sourceTree = "<group>";
		};
		B9A8D797291F5BBD00E01F31 /* Resources */ = {
			isa = PBXGroup;
			children = (
				7435C80F291F5B270084DB78 /* AppDelegate.swift */,
				7435C811291F5B270084DB78 /* SceneDelegate.swift */,
				B9A8D79A291F696800E01F31 /* Extensions.swift */,
				B9A8D7A6291F7C6D00E01F31 /* State.swift */,
				B94792B32920386A00C32FE5 /* K.swift */,
				74A23552292049DF00DDBAA6 /* Constants.swift */,
			);
			path = Resources;
			sourceTree = "<group>";
		};
/* End PBXGroup section */

/* Begin PBXNativeTarget section */
		7435C80B291F5B270084DB78 /* UMass-Dieting-iOS */ = {
			isa = PBXNativeTarget;
			buildConfigurationList = 7435C820291F5B290084DB78 /* Build configuration list for PBXNativeTarget "UMass-Dieting-iOS" */;
			buildPhases = (
				1B61E99EACD38D22B57A5EC2 /* [CP] Check Pods Manifest.lock */,
				7435C808291F5B270084DB78 /* Sources */,
				7435C809291F5B270084DB78 /* Frameworks */,
				7435C80A291F5B270084DB78 /* Resources */,
			);
			buildRules = (
			);
			dependencies = (
			);
			name = "UMass-Dieting-iOS";
			productName = "UMass-Dieting-iOS";
			productReference = 7435C80C291F5B270084DB78 /* UMass-Dieting-iOS.app */;
			productType = "com.apple.product-type.application";
		};
/* End PBXNativeTarget section */

/* Begin PBXProject section */
		7435C804291F5B270084DB78 /* Project object */ = {
			isa = PBXProject;
			attributes = {
				BuildIndependentTargetsInParallel = 1;
				LastSwiftUpdateCheck = 1340;
				LastUpgradeCheck = 1340;
				TargetAttributes = {
					7435C80B291F5B270084DB78 = {
						CreatedOnToolsVersion = 13.4.1;
					};
				};
			};
			buildConfigurationList = 7435C807291F5B270084DB78 /* Build configuration list for PBXProject "UMass-Dieting-iOS" */;
			compatibilityVersion = "Xcode 13.0";
			developmentRegion = en;
			hasScannedForEncodings = 0;
			knownRegions = (
				en,
				Base,
			);
			mainGroup = 7435C803291F5B270084DB78;
			productRefGroup = 7435C80D291F5B270084DB78 /* Products */;
			projectDirPath = "";
			projectRoot = "";
			targets = (
				7435C80B291F5B270084DB78 /* UMass-Dieting-iOS */,
			);
		};
/* End PBXProject section */

/* Begin PBXResourcesBuildPhase section */
		7435C80A291F5B270084DB78 /* Resources */ = {
			isa = PBXResourcesBuildPhase;
			buildActionMask = 2147483647;
			files = (
				74A23551291F9B8700DDBAA6 /* .gitignore in Resources */,
				7435C81C291F5B290084DB78 /* LaunchScreen.storyboard in Resources */,
				7435C819291F5B290084DB78 /* Assets.xcassets in Resources */,
				B94792A8291F9DC600C32FE5 /* Main1.storyboard in Resources */,
				7435C817291F5B270084DB78 /* Main.storyboard in Resources */,
			);
			runOnlyForDeploymentPostprocessing = 0;
		};
/* End PBXResourcesBuildPhase section */

/* Begin PBXShellScriptBuildPhase section */
		1B61E99EACD38D22B57A5EC2 /* [CP] Check Pods Manifest.lock */ = {
			isa = PBXShellScriptBuildPhase;
			buildActionMask = 2147483647;
			files = (
			);
			inputFileListPaths = (
			);
			inputPaths = (
				"${PODS_PODFILE_DIR_PATH}/Podfile.lock",
				"${PODS_ROOT}/Manifest.lock",
			);
			name = "[CP] Check Pods Manifest.lock";
			outputFileListPaths = (
			);
			outputPaths = (
				"$(DERIVED_FILE_DIR)/Pods-UMass-Dieting-iOS-checkManifestLockResult.txt",
			);
			runOnlyForDeploymentPostprocessing = 0;
			shellPath = /bin/sh;
			shellScript = "diff \"${PODS_PODFILE_DIR_PATH}/Podfile.lock\" \"${PODS_ROOT}/Manifest.lock\" > /dev/null\nif [ $? != 0 ] ; then\n    # print error to STDERR\n    echo \"error: The sandbox is not in sync with the Podfile.lock. Run 'pod install' or update your CocoaPods installation.\" >&2\n    exit 1\nfi\n# This output is used by Xcode 'outputs' to avoid re-running this script phase.\necho \"SUCCESS\" > \"${SCRIPT_OUTPUT_FILE_0}\"\n";
			showEnvVarsInLog = 0;
		};
/* End PBXShellScriptBuildPhase section */

/* Begin PBXSourcesBuildPhase section */
		7435C808291F5B270084DB78 /* Sources */ = {
			isa = PBXSourcesBuildPhase;
			buildActionMask = 2147483647;
			files = (
				74D267B4291F7B4C000644DE /* LoginViewController.swift in Sources */,
				74A23553292049DF00DDBAA6 /* Constants.swift in Sources */,
				74D267B6291F7B58000644DE /* SignUpViewController.swift in Sources */,
				B94792BC2920489000C32FE5 /* FoodViewController.swift in Sources */,
				B94792BE2920806300C32FE5 /* DietaryRestrictionViewController.swift in Sources */,
				B94792B2291FB51500C32FE5 /* FoodTableViewCell.swift in Sources */,
				B9A8D79B291F696800E01F31 /* Extensions.swift in Sources */,
				7435C814291F5B270084DB78 /* ViewController.swift in Sources */,
				B94792AA291FA0BC00C32FE5 /* MealPlanViewController.swift in Sources */,
				74A2355629204BCC00DDBAA6 /* Sessions.swift in Sources */,
				7435C810291F5B270084DB78 /* AppDelegate.swift in Sources */,
				B9A8D7A5291F7ACD00E01F31 /* DiningHallListViewController.swift in Sources */,
				74A235582920AAE000DDBAA6 /* UserPreferencesViewController.swift in Sources */,
				B9A8D799291F626200E01F31 /* UserInfoFormViewController.swift in Sources */,
				7435C812291F5B270084DB78 /* SceneDelegate.swift in Sources */,
				B94792AE291FA5DB00C32FE5 /* MealPlan.swift in Sources */,
				B94792AC291FA57300C32FE5 /* Food.swift in Sources */,
				B9A8D7A9291F7C8A00E01F31 /* DiningHall.swift in Sources */,
				B94792B42920386A00C32FE5 /* K.swift in Sources */,
				B9A8D7AB291F89BB00E01F31 /* DiningHallTableViewCell.swift in Sources */,
				B9A8D7A7291F7C6D00E01F31 /* State.swift in Sources */,
				74A2355A2920C50200DDBAA6 /* IntialViewController.swift in Sources */,
			);
			runOnlyForDeploymentPostprocessing = 0;
		};
/* End PBXSourcesBuildPhase section */

/* Begin PBXVariantGroup section */
		7435C815291F5B270084DB78 /* Main.storyboard */ = {
			isa = PBXVariantGroup;
			children = (
				7435C816291F5B270084DB78 /* Base */,
			);
			name = Main.storyboard;
			sourceTree = "<group>";
		};
		7435C81A291F5B290084DB78 /* LaunchScreen.storyboard */ = {
			isa = PBXVariantGroup;
			children = (
				7435C81B291F5B290084DB78 /* Base */,
			);
			name = LaunchScreen.storyboard;
			sourceTree = "<group>";
		};
/* End PBXVariantGroup section */

/* Begin XCBuildConfiguration section */
		7435C81E291F5B290084DB78 /* Debug */ = {
			isa = XCBuildConfiguration;
			buildSettings = {
				ALWAYS_SEARCH_USER_PATHS = NO;
				CLANG_ANALYZER_NONNULL = YES;
				CLANG_ANALYZER_NUMBER_OBJECT_CONVERSION = YES_AGGRESSIVE;
				CLANG_CXX_LANGUAGE_STANDARD = "gnu++17";
				CLANG_ENABLE_MODULES = YES;
				CLANG_ENABLE_OBJC_ARC = YES;
				CLANG_ENABLE_OBJC_WEAK = YES;
				CLANG_WARN_BLOCK_CAPTURE_AUTORELEASING = YES;
				CLANG_WARN_BOOL_CONVERSION = YES;
				CLANG_WARN_COMMA = YES;
				CLANG_WARN_CONSTANT_CONVERSION = YES;
				CLANG_WARN_DEPRECATED_OBJC_IMPLEMENTATIONS = YES;
				CLANG_WARN_DIRECT_OBJC_ISA_USAGE = YES_ERROR;
				CLANG_WARN_DOCUMENTATION_COMMENTS = YES;
				CLANG_WARN_EMPTY_BODY = YES;
				CLANG_WARN_ENUM_CONVERSION = YES;
				CLANG_WARN_INFINITE_RECURSION = YES;
				CLANG_WARN_INT_CONVERSION = YES;
				CLANG_WARN_NON_LITERAL_NULL_CONVERSION = YES;
				CLANG_WARN_OBJC_IMPLICIT_RETAIN_SELF = YES;
				CLANG_WARN_OBJC_LITERAL_CONVERSION = YES;
				CLANG_WARN_OBJC_ROOT_CLASS = YES_ERROR;
				CLANG_WARN_QUOTED_INCLUDE_IN_FRAMEWORK_HEADER = YES;
				CLANG_WARN_RANGE_LOOP_ANALYSIS = YES;
				CLANG_WARN_STRICT_PROTOTYPES = YES;
				CLANG_WARN_SUSPICIOUS_MOVE = YES;
				CLANG_WARN_UNGUARDED_AVAILABILITY = YES_AGGRESSIVE;
				CLANG_WARN_UNREACHABLE_CODE = YES;
				CLANG_WARN__DUPLICATE_METHOD_MATCH = YES;
				COPY_PHASE_STRIP = NO;
				DEBUG_INFORMATION_FORMAT = dwarf;
				ENABLE_STRICT_OBJC_MSGSEND = YES;
				ENABLE_TESTABILITY = YES;
				GCC_C_LANGUAGE_STANDARD = gnu11;
				GCC_DYNAMIC_NO_PIC = NO;
				GCC_NO_COMMON_BLOCKS = YES;
				GCC_OPTIMIZATION_LEVEL = 0;
				GCC_PREPROCESSOR_DEFINITIONS = (
					"DEBUG=1",
					"$(inherited)",
				);
				GCC_WARN_64_TO_32_BIT_CONVERSION = YES;
				GCC_WARN_ABOUT_RETURN_TYPE = YES_ERROR;
				GCC_WARN_UNDECLARED_SELECTOR = YES;
				GCC_WARN_UNINITIALIZED_AUTOS = YES_AGGRESSIVE;
				GCC_WARN_UNUSED_FUNCTION = YES;
				GCC_WARN_UNUSED_VARIABLE = YES;
				IPHONEOS_DEPLOYMENT_TARGET = 15.5;
				MTL_ENABLE_DEBUG_INFO = INCLUDE_SOURCE;
				MTL_FAST_MATH = YES;
				ONLY_ACTIVE_ARCH = YES;
				SDKROOT = iphoneos;
				SWIFT_ACTIVE_COMPILATION_CONDITIONS = DEBUG;
				SWIFT_OPTIMIZATION_LEVEL = "-Onone";
			};
			name = Debug;
		};
		7435C81F291F5B290084DB78 /* Release */ = {
			isa = XCBuildConfiguration;
			buildSettings = {
				ALWAYS_SEARCH_USER_PATHS = NO;
				CLANG_ANALYZER_NONNULL = YES;
				CLANG_ANALYZER_NUMBER_OBJECT_CONVERSION = YES_AGGRESSIVE;
				CLANG_CXX_LANGUAGE_STANDARD = "gnu++17";
				CLANG_ENABLE_MODULES = YES;
				CLANG_ENABLE_OBJC_ARC = YES;
				CLANG_ENABLE_OBJC_WEAK = YES;
				CLANG_WARN_BLOCK_CAPTURE_AUTORELEASING = YES;
				CLANG_WARN_BOOL_CONVERSION = YES;
				CLANG_WARN_COMMA = YES;
				CLANG_WARN_CONSTANT_CONVERSION = YES;
				CLANG_WARN_DEPRECATED_OBJC_IMPLEMENTATIONS = YES;
				CLANG_WARN_DIRECT_OBJC_ISA_USAGE = YES_ERROR;
				CLANG_WARN_DOCUMENTATION_COMMENTS = YES;
				CLANG_WARN_EMPTY_BODY = YES;
				CLANG_WARN_ENUM_CONVERSION = YES;
				CLANG_WARN_INFINITE_RECURSION = YES;
				CLANG_WARN_INT_CONVERSION = YES;
				CLANG_WARN_NON_LITERAL_NULL_CONVERSION = YES;
				CLANG_WARN_OBJC_IMPLICIT_RETAIN_SELF = YES;
				CLANG_WARN_OBJC_LITERAL_CONVERSION = YES;
				CLANG_WARN_OBJC_ROOT_CLASS = YES_ERROR;
				CLANG_WARN_QUOTED_INCLUDE_IN_FRAMEWORK_HEADER = YES;
				CLANG_WARN_RANGE_LOOP_ANALYSIS = YES;
				CLANG_WARN_STRICT_PROTOTYPES = YES;
				CLANG_WARN_SUSPICIOUS_MOVE = YES;
				CLANG_WARN_UNGUARDED_AVAILABILITY = YES_AGGRESSIVE;
				CLANG_WARN_UNREACHABLE_CODE = YES;
				CLANG_WARN__DUPLICATE_METHOD_MATCH = YES;
				COPY_PHASE_STRIP = NO;
				DEBUG_INFORMATION_FORMAT = "dwarf-with-dsym";
				ENABLE_NS_ASSERTIONS = NO;
				ENABLE_STRICT_OBJC_MSGSEND = YES;
				GCC_C_LANGUAGE_STANDARD = gnu11;
				GCC_NO_COMMON_BLOCKS = YES;
				GCC_WARN_64_TO_32_BIT_CONVERSION = YES;
				GCC_WARN_ABOUT_RETURN_TYPE = YES_ERROR;
				GCC_WARN_UNDECLARED_SELECTOR = YES;
				GCC_WARN_UNINITIALIZED_AUTOS = YES_AGGRESSIVE;
				GCC_WARN_UNUSED_FUNCTION = YES;
				GCC_WARN_UNUSED_VARIABLE = YES;
				IPHONEOS_DEPLOYMENT_TARGET = 15.5;
				MTL_ENABLE_DEBUG_INFO = NO;
				MTL_FAST_MATH = YES;
				SDKROOT = iphoneos;
				SWIFT_COMPILATION_MODE = wholemodule;
				SWIFT_OPTIMIZATION_LEVEL = "-O";
				VALIDATE_PRODUCT = YES;
			};
			name = Release;
		};
		7435C821291F5B290084DB78 /* Debug */ = {
			isa = XCBuildConfiguration;
			baseConfigurationReference = 33BEDE3D00E1257C7354D5A0 /* Pods-UMass-Dieting-iOS.debug.xcconfig */;
			buildSettings = {
				ASSETCATALOG_COMPILER_APPICON_NAME = AppIcon;
				ASSETCATALOG_COMPILER_GLOBAL_ACCENT_COLOR_NAME = AccentColor;
				CODE_SIGN_STYLE = Automatic;
				CURRENT_PROJECT_VERSION = 1;
				DEVELOPMENT_TEAM = 99Z682G7GB;
				GENERATE_INFOPLIST_FILE = YES;
				INFOPLIST_FILE = "UMass-Dieting-iOS/Info.plist";
				INFOPLIST_KEY_UIApplicationSupportsIndirectInputEvents = YES;
				INFOPLIST_KEY_UILaunchStoryboardName = LaunchScreen;
				INFOPLIST_KEY_UIMainStoryboardFile = Main;
				INFOPLIST_KEY_UISupportedInterfaceOrientations_iPad = "UIInterfaceOrientationPortrait UIInterfaceOrientationPortraitUpsideDown UIInterfaceOrientationLandscapeLeft UIInterfaceOrientationLandscapeRight";
				INFOPLIST_KEY_UISupportedInterfaceOrientations_iPhone = "UIInterfaceOrientationPortrait UIInterfaceOrientationLandscapeLeft UIInterfaceOrientationLandscapeRight";
				LD_RUNPATH_SEARCH_PATHS = (
					"$(inherited)",
					"@executable_path/Frameworks",
				);
				MARKETING_VERSION = 1.0;
				PRODUCT_BUNDLE_IDENTIFIER = "com.Aayush-Bhagat.UMass-Dieting-iOS";
				PRODUCT_NAME = "$(TARGET_NAME)";
				SWIFT_EMIT_LOC_STRINGS = YES;
				SWIFT_VERSION = 5.0;
				TARGETED_DEVICE_FAMILY = "1,2";
			};
			name = Debug;
		};
		7435C822291F5B290084DB78 /* Release */ = {
			isa = XCBuildConfiguration;
			baseConfigurationReference = 48EAC40109852F3E44BE51C1 /* Pods-UMass-Dieting-iOS.release.xcconfig */;
			buildSettings = {
				ASSETCATALOG_COMPILER_APPICON_NAME = AppIcon;
				ASSETCATALOG_COMPILER_GLOBAL_ACCENT_COLOR_NAME = AccentColor;
				CODE_SIGN_STYLE = Automatic;
				CURRENT_PROJECT_VERSION = 1;
				DEVELOPMENT_TEAM = 99Z682G7GB;
				GENERATE_INFOPLIST_FILE = YES;
				INFOPLIST_FILE = "UMass-Dieting-iOS/Info.plist";
				INFOPLIST_KEY_UIApplicationSupportsIndirectInputEvents = YES;
				INFOPLIST_KEY_UILaunchStoryboardName = LaunchScreen;
				INFOPLIST_KEY_UIMainStoryboardFile = Main;
				INFOPLIST_KEY_UISupportedInterfaceOrientations_iPad = "UIInterfaceOrientationPortrait UIInterfaceOrientationPortraitUpsideDown UIInterfaceOrientationLandscapeLeft UIInterfaceOrientationLandscapeRight";
				INFOPLIST_KEY_UISupportedInterfaceOrientations_iPhone = "UIInterfaceOrientationPortrait UIInterfaceOrientationLandscapeLeft UIInterfaceOrientationLandscapeRight";
				LD_RUNPATH_SEARCH_PATHS = (
					"$(inherited)",
					"@executable_path/Frameworks",
				);
				MARKETING_VERSION = 1.0;
				PRODUCT_BUNDLE_IDENTIFIER = "com.Aayush-Bhagat.UMass-Dieting-iOS";
				PRODUCT_NAME = "$(TARGET_NAME)";
				SWIFT_EMIT_LOC_STRINGS = YES;
				SWIFT_VERSION = 5.0;
				TARGETED_DEVICE_FAMILY = "1,2";
			};
			name = Release;
		};
/* End XCBuildConfiguration section */

/* Begin XCConfigurationList section */
		7435C807291F5B270084DB78 /* Build configuration list for PBXProject "UMass-Dieting-iOS" */ = {
			isa = XCConfigurationList;
			buildConfigurations = (
				7435C81E291F5B290084DB78 /* Debug */,
				7435C81F291F5B290084DB78 /* Release */,
			);
			defaultConfigurationIsVisible = 0;
			defaultConfigurationName = Release;
		};
		7435C820291F5B290084DB78 /* Build configuration list for PBXNativeTarget "UMass-Dieting-iOS" */ = {
			isa = XCConfigurationList;
			buildConfigurations = (
				7435C821291F5B290084DB78 /* Debug */,
				7435C822291F5B290084DB78 /* Release */,
			);
			defaultConfigurationIsVisible = 0;
			defaultConfigurationName = Release;
		};
/* End XCConfigurationList section */
	};
	rootObject = 7435C804291F5B270084DB78 /* Project object */;
}
